
Microsoft Visual Studio Solution File, Format Version 12.00
# Visual Studio 15
VisualStudioVersion = 15.0.28307.1231
MinimumVisualStudioVersion = 10.0.40219.1
Project("{FAE04EC0-301F-11D3-BF4B-00C04F79EFBC}") = "WebUI", "WebUI\WebUI.csproj", "{712145D5-F7B7-4B57-A21E-56D9F209F105}"
EndProject
Project("{FAE04EC0-301F-11D3-BF4B-00C04F79EFBC}") = "UnitTest", "UnitTes\UnitTest.csproj", "{314CF89A-78C7-491F-9DE2-428DA943DEDA}"
EndProject
Project("{FAE04EC0-301F-11D3-BF4B-00C04F79EFBC}") = "Domain", "Domain\Domain.csproj", "{92DF0E48-57DD-4625-B57B-9195A3F80D0F}"
EndProject
Global
	GlobalSection(SolutionConfigurationPlatforms) = preSolution
		Debug|Any CPU = Debug|Any CPU
		Release|Any CPU = Release|Any CPU
	EndGlobalSection
	GlobalSection(ProjectConfigurationPlatforms) = postSolution
		{712145D5-F7B7-4B57-A21E-56D9F209F105}.Debug|Any CPU.ActiveCfg = Debug|Any CPU
		{712145D5-F7B7-4B57-A21E-56D9F209F105}.Debug|Any CPU.Build.0 = Debug|Any CPU
		{712145D5-F7B7-4B57-A21E-56D9F209F105}.Release|Any CPU.ActiveCfg = Release|Any CPU
		{712145D5-F7B7-4B57-A21E-56D9F209F105}.Release|Any CPU.Build.0 = Release|Any CPU
		{314CF89A-78C7-491F-9DE2-428DA943DEDA}.Debug|Any CPU.ActiveCfg = Debug|Any CPU
		{314CF89A-78C7-491F-9DE2-428DA943DEDA}.Debug|Any CPU.Build.0 = Debug|Any CPU
		{314CF89A-78C7-491F-9DE2-428DA943DEDA}.Release|Any CPU.ActiveCfg = Release|Any CPU
		{314CF89A-78C7-491F-9DE2-428DA943DEDA}.Release|Any CPU.Build.0 = Release|Any CPU
		{92DF0E48-57DD-4625-B57B-9195A3F80D0F}.Debug|Any CPU.ActiveCfg = Debug|Any CPU
		{92DF0E48-57DD-4625-B57B-9195A3F80D0F}.Debug|Any CPU.Build.0 = Debug|Any CPU
		{92DF0E48-57DD-4625-B57B-9195A3F80D0F}.Release|Any CPU.ActiveCfg = Release|Any CPU
		{92DF0E48-57DD-4625-B57B-9195A3F80D0F}.Release|Any CPU.Build.0 = Release|Any CPU
	EndGlobalSection
	GlobalSection(SolutionProperties) = preSolution
		HideSolutionNode = FALSE
	EndGlobalSection
	GlobalSection(ExtensibilityGlobals) = postSolution
		SolutionGuid = {F51575E1-918D-4472-857E-168BCBB07F4B}
	EndGlobalSection
EndGlobal
